{
  "version": 4,
  "terraform_version": "1.9.3",
  "serial": 55,
  "lineage": "6cbd8ef5-6181-8c75-c429-082b697dc6ca",
  "outputs": {},
  "resources": [
    {
      "mode": "managed",
      "type": "azurerm_resource_group",
      "name": "rg-block",
      "provider": "provider[\"registry.terraform.io/hashicorp/azurerm\"]",
      "instances": [
        {
          "index_key": "vm01",
          "schema_version": 0,
          "attributes": {
            "id": "/subscriptions/eb207d43-84ba-47e7-9cc8-b80d01a978ef/resourceGroups/DB-RG",
            "location": "centralindia",
            "managed_by": "",
            "name": "DB-RG",
            "tags": {},
            "timeouts": null
          },
          "sensitive_attributes": [],
          "private": "eyJlMmJmYjczMC1lY2FhLTExZTYtOGY4OC0zNDM2M2JjN2M0YzAiOnsiY3JlYXRlIjo1NDAwMDAwMDAwMDAwLCJkZWxldGUiOjU0MDAwMDAwMDAwMDAsInJlYWQiOjMwMDAwMDAwMDAwMCwidXBkYXRlIjo1NDAwMDAwMDAwMDAwfX0="
        },
        {
          "index_key": "vm02",
          "schema_version": 0,
          "attributes": {
            "id": "/subscriptions/eb207d43-84ba-47e7-9cc8-b80d01a978ef/resourceGroups/BE-RG",
            "location": "uksouth",
            "managed_by": "",
            "name": "BE-RG",
            "tags": {},
            "timeouts": null
          },
          "sensitive_attributes": [],
          "private": "eyJlMmJmYjczMC1lY2FhLTExZTYtOGY4OC0zNDM2M2JjN2M0YzAiOnsiY3JlYXRlIjo1NDAwMDAwMDAwMDAwLCJkZWxldGUiOjU0MDAwMDAwMDAwMDAsInJlYWQiOjMwMDAwMDAwMDAwMCwidXBkYXRlIjo1NDAwMDAwMDAwMDAwfX0="
        }
      ]
    }
  ],
  "check_results": null
}
