{
  "version": 4,
  "terraform_version": "1.9.3",
  "serial": 17,
  "lineage": "97245136-4fc1-8298-814a-62fb794f2050",
  "outputs": {},
  "resources": [
    {
      "module": "module.ni-module",
      "mode": "data",
      "type": "azurerm_public_ip",
      "name": "pip-dat-bl",
      "provider": "provider[\"registry.terraform.io/hashicorp/azurerm\"]",
      "instances": [
        {
          "index_key": "pi01",
          "schema_version": 0,
          "attributes": {
            "allocation_method": "Static",
            "ddos_protection_mode": "VirtualNetworkInherited",
            "ddos_protection_plan_id": null,
            "domain_name_label": "",
            "fqdn": "",
            "id": "/subscriptions/233246a7-8523-487e-9a43-d155fcd332db/resourceGroups/sapanrg-1/providers/Microsoft.Network/publicIPAddresses/sapanpip-1",
            "idle_timeout_in_minutes": 4,
            "ip_address": "13.91.220.164",
            "ip_tags": {},
            "ip_version": "IPv4",
            "location": "westus",
            "name": "sapanpip-1",
            "resource_group_name": "sapanrg-1",
            "reverse_fqdn": "",
            "sku": "Standard",
            "tags": {},
            "timeouts": null,
            "zones": []
          },
          "sensitive_attributes": []
        }
      ]
    },
    {
      "module": "module.ni-module",
      "mode": "data",
      "type": "azurerm_subnet",
      "name": "snet-dat-bl",
      "provider": "provider[\"registry.terraform.io/hashicorp/azurerm\"]",
      "instances": [
        {
          "index_key": "sn01",
          "schema_version": 0,
          "attributes": {
            "address_prefix": "10.0.0.0/24",
            "address_prefixes": [
              "10.0.0.0/24"
            ],
            "default_outbound_access_enabled": true,
            "id": "/subscriptions/233246a7-8523-487e-9a43-d155fcd332db/resourceGroups/sapanrg-1/providers/Microsoft.Network/virtualNetworks/sapanvnet-1/subnets/sapansnet-1",
            "name": "sapansnet-1",
            "network_security_group_id": "",
            "private_endpoint_network_policies": "Disabled",
            "private_link_service_network_policies_enabled": true,
            "resource_group_name": "sapanrg-1",
            "route_table_id": "",
            "service_endpoints": [],
            "timeouts": null,
            "virtual_network_name": "sapanvnet-1"
          },
          "sensitive_attributes": []
        }
      ]
    },
    {
      "module": "module.ni-module",
      "mode": "managed",
      "type": "azurerm_network_interface",
      "name": "ni-block",
      "provider": "provider[\"registry.terraform.io/hashicorp/azurerm\"]",
      "instances": [
        {
          "index_key": "ni01",
          "schema_version": 0,
          "attributes": {
            "accelerated_networking_enabled": false,
            "applied_dns_servers": [],
            "auxiliary_mode": "",
            "auxiliary_sku": "",
            "dns_servers": [],
            "edge_zone": "",
            "id": "/subscriptions/233246a7-8523-487e-9a43-d155fcd332db/resourceGroups/sapanrg-1/providers/Microsoft.Network/networkInterfaces/sapanni-1",
            "internal_dns_name_label": "",
            "internal_domain_name_suffix": "biovut2ldrvezefw2sce5ogrga.dx.internal.cloudapp.net",
            "ip_configuration": [
              {
                "gateway_load_balancer_frontend_ip_configuration_id": "",
                "name": "sapanip-1",
                "primary": true,
                "private_ip_address": "10.0.0.4",
                "private_ip_address_allocation": "Dynamic",
                "private_ip_address_version": "IPv4",
                "public_ip_address_id": "/subscriptions/233246a7-8523-487e-9a43-d155fcd332db/resourceGroups/sapanrg-1/providers/Microsoft.Network/publicIPAddresses/sapanpip-1",
                "subnet_id": "/subscriptions/233246a7-8523-487e-9a43-d155fcd332db/resourceGroups/sapanrg-1/providers/Microsoft.Network/virtualNetworks/sapanvnet-1/subnets/sapansnet-1"
              }
            ],
            "ip_forwarding_enabled": false,
            "location": "westus",
            "mac_address": "60-45-BD-09-93-09",
            "name": "sapanni-1",
            "private_ip_address": "10.0.0.4",
            "private_ip_addresses": [
              "10.0.0.4"
            ],
            "resource_group_name": "sapanrg-1",
            "tags": {},
            "timeouts": null,
            "virtual_machine_id": "/subscriptions/233246a7-8523-487e-9a43-d155fcd332db/resourceGroups/sapanrg-1/providers/Microsoft.Compute/virtualMachines/sapanvm-1"
          },
          "sensitive_attributes": [],
          "private": "eyJlMmJmYjczMC1lY2FhLTExZTYtOGY4OC0zNDM2M2JjN2M0YzAiOnsiY3JlYXRlIjoxODAwMDAwMDAwMDAwLCJkZWxldGUiOjE4MDAwMDAwMDAwMDAsInJlYWQiOjMwMDAwMDAwMDAwMCwidXBkYXRlIjoxODAwMDAwMDAwMDAwfX0=",
          "dependencies": [
            "module.ni-module.data.azurerm_public_ip.pip-dat-bl",
            "module.ni-module.data.azurerm_subnet.snet-dat-bl",
            "module.rg-module.azurerm_resource_group.rg-block",
            "module.sn-module.azurerm_subnet.subnet-block",
            "module.vn-module.azurerm_virtual_network.vnet-block"
          ]
        }
      ]
    },
    {
      "module": "module.nsg-module",
      "mode": "managed",
      "type": "azurerm_network_security_group",
      "name": "nsg-block",
      "provider": "provider[\"registry.terraform.io/hashicorp/azurerm\"]",
      "instances": [
        {
          "index_key": "nsg01",
          "schema_version": 0,
          "attributes": {
            "id": "/subscriptions/233246a7-8523-487e-9a43-d155fcd332db/resourceGroups/sapanrg-1/providers/Microsoft.Network/networkSecurityGroups/sapannsg-1",
            "location": "westus",
            "name": "sapannsg-1",
            "resource_group_name": "sapanrg-1",
            "security_rule": [
              {
                "access": "Allow",
                "description": "",
                "destination_address_prefix": "*",
                "destination_address_prefixes": [],
                "destination_application_security_group_ids": [],
                "destination_port_range": "*",
                "destination_port_ranges": [],
                "direction": "Inbound",
                "name": "test123",
                "priority": 100,
                "protocol": "Tcp",
                "source_address_prefix": "*",
                "source_address_prefixes": [],
                "source_application_security_group_ids": [],
                "source_port_range": "*",
                "source_port_ranges": []
              }
            ],
            "tags": null,
            "timeouts": null
          },
          "sensitive_attributes": [],
          "private": "eyJlMmJmYjczMC1lY2FhLTExZTYtOGY4OC0zNDM2M2JjN2M0YzAiOnsiY3JlYXRlIjoxODAwMDAwMDAwMDAwLCJkZWxldGUiOjE4MDAwMDAwMDAwMDAsInJlYWQiOjMwMDAwMDAwMDAwMCwidXBkYXRlIjoxODAwMDAwMDAwMDAwfX0=",
          "dependencies": [
            "module.ni-module.azurerm_network_interface.ni-block",
            "module.ni-module.data.azurerm_public_ip.pip-dat-bl",
            "module.ni-module.data.azurerm_subnet.snet-dat-bl",
            "module.rg-module.azurerm_resource_group.rg-block",
            "module.sn-module.azurerm_subnet.subnet-block",
            "module.vn-module.azurerm_virtual_network.vnet-block"
          ]
        }
      ]
    },
    {
      "module": "module.nsgni-module",
      "mode": "data",
      "type": "azurerm_network_interface",
      "name": "data-bl-ni",
      "provider": "provider[\"registry.terraform.io/hashicorp/azurerm\"]",
      "instances": [
        {
          "index_key": "nsgni01",
          "schema_version": 0,
          "attributes": {
            "accelerated_networking_enabled": false,
            "applied_dns_servers": [],
            "dns_servers": [],
            "id": "/subscriptions/233246a7-8523-487e-9a43-d155fcd332db/resourceGroups/sapanrg-1/providers/Microsoft.Network/networkInterfaces/sapanni-1",
            "internal_dns_name_label": "",
            "ip_configuration": [
              {
                "application_gateway_backend_address_pools_ids": [],
                "application_security_group_ids": [],
                "gateway_load_balancer_frontend_ip_configuration_id": "",
                "load_balancer_backend_address_pools_ids": [],
                "load_balancer_inbound_nat_rules_ids": [],
                "name": "sapanip-1",
                "primary": true,
                "private_ip_address": "10.0.0.4",
                "private_ip_address_allocation": "Dynamic",
                "private_ip_address_version": "IPv4",
                "public_ip_address_id": "/subscriptions/233246a7-8523-487e-9a43-d155fcd332db/resourceGroups/sapanrg-1/providers/Microsoft.Network/publicIPAddresses/sapanpip-1",
                "subnet_id": "/subscriptions/233246a7-8523-487e-9a43-d155fcd332db/resourceGroups/sapanrg-1/providers/Microsoft.Network/virtualNetworks/sapanvnet-1/subnets/sapansnet-1"
              }
            ],
            "ip_forwarding_enabled": false,
            "location": "westus",
            "mac_address": "60-45-BD-09-93-09",
            "name": "sapanni-1",
            "network_security_group_id": "",
            "private_ip_address": "10.0.0.4",
            "private_ip_addresses": [
              "10.0.0.4"
            ],
            "resource_group_name": "sapanrg-1",
            "tags": {},
            "timeouts": null,
            "virtual_machine_id": "/subscriptions/233246a7-8523-487e-9a43-d155fcd332db/resourceGroups/sapanrg-1/providers/Microsoft.Compute/virtualMachines/sapanvm-1"
          },
          "sensitive_attributes": []
        }
      ]
    },
    {
      "module": "module.nsgni-module",
      "mode": "data",
      "type": "azurerm_network_security_group",
      "name": "data-bl-nsg",
      "provider": "provider[\"registry.terraform.io/hashicorp/azurerm\"]",
      "instances": [
        {
          "index_key": "nsgni01",
          "schema_version": 0,
          "attributes": {
            "id": "/subscriptions/233246a7-8523-487e-9a43-d155fcd332db/resourceGroups/sapanrg-1/providers/Microsoft.Network/networkSecurityGroups/sapannsg-1",
            "location": "westus",
            "name": "sapannsg-1",
            "resource_group_name": "sapanrg-1",
            "security_rule": [
              {
                "access": "Allow",
                "description": "",
                "destination_address_prefix": "*",
                "destination_address_prefixes": [],
                "destination_application_security_group_ids": [],
                "destination_port_range": "*",
                "destination_port_ranges": [],
                "direction": "Inbound",
                "name": "test123",
                "priority": 100,
                "protocol": "Tcp",
                "source_address_prefix": "*",
                "source_address_prefixes": [],
                "source_application_security_group_ids": [],
                "source_port_range": "*",
                "source_port_ranges": []
              }
            ],
            "tags": {},
            "timeouts": null
          },
          "sensitive_attributes": []
        }
      ]
    },
    {
      "module": "module.nsgni-module",
      "mode": "managed",
      "type": "azurerm_network_interface_security_group_association",
      "name": "nsg-asso-block",
      "provider": "provider[\"registry.terraform.io/hashicorp/azurerm\"]",
      "instances": [
        {
          "index_key": "nsgni01",
          "schema_version": 0,
          "attributes": {
            "id": "/subscriptions/233246a7-8523-487e-9a43-d155fcd332db/resourceGroups/sapanrg-1/providers/Microsoft.Network/networkInterfaces/sapanni-1|/subscriptions/233246a7-8523-487e-9a43-d155fcd332db/resourceGroups/sapanrg-1/providers/Microsoft.Network/networkSecurityGroups/sapannsg-1",
            "network_interface_id": "/subscriptions/233246a7-8523-487e-9a43-d155fcd332db/resourceGroups/sapanrg-1/providers/Microsoft.Network/networkInterfaces/sapanni-1",
            "network_security_group_id": "/subscriptions/233246a7-8523-487e-9a43-d155fcd332db/resourceGroups/sapanrg-1/providers/Microsoft.Network/networkSecurityGroups/sapannsg-1",
            "timeouts": null
          },
          "sensitive_attributes": [],
          "private": "eyJlMmJmYjczMC1lY2FhLTExZTYtOGY4OC0zNDM2M2JjN2M0YzAiOnsiY3JlYXRlIjoxODAwMDAwMDAwMDAwLCJkZWxldGUiOjE4MDAwMDAwMDAwMDAsInJlYWQiOjMwMDAwMDAwMDAwMH19",
          "dependencies": [
            "module.ni-module.azurerm_network_interface.ni-block",
            "module.ni-module.data.azurerm_public_ip.pip-dat-bl",
            "module.ni-module.data.azurerm_subnet.snet-dat-bl",
            "module.nsg-module.azurerm_network_security_group.nsg-block",
            "module.nsgni-module.data.azurerm_network_interface.data-bl-ni",
            "module.nsgni-module.data.azurerm_network_security_group.data-bl-nsg",
            "module.rg-module.azurerm_resource_group.rg-block",
            "module.sn-module.azurerm_subnet.subnet-block",
            "module.vn-module.azurerm_virtual_network.vnet-block"
          ]
        }
      ]
    },
    {
      "module": "module.pi-module",
      "mode": "managed",
      "type": "azurerm_public_ip",
      "name": "pip-block",
      "provider": "provider[\"registry.terraform.io/hashicorp/azurerm\"]",
      "instances": [
        {
          "index_key": "pi01",
          "schema_version": 0,
          "attributes": {
            "allocation_method": "Static",
            "ddos_protection_mode": "VirtualNetworkInherited",
            "ddos_protection_plan_id": null,
            "domain_name_label": null,
            "domain_name_label_scope": null,
            "edge_zone": "",
            "fqdn": null,
            "id": "/subscriptions/233246a7-8523-487e-9a43-d155fcd332db/resourceGroups/sapanrg-1/providers/Microsoft.Network/publicIPAddresses/sapanpip-1",
            "idle_timeout_in_minutes": 4,
            "ip_address": "13.91.220.164",
            "ip_tags": {},
            "ip_version": "IPv4",
            "location": "westus",
            "name": "sapanpip-1",
            "public_ip_prefix_id": null,
            "resource_group_name": "sapanrg-1",
            "reverse_fqdn": null,
            "sku": "Standard",
            "sku_tier": "Regional",
            "tags": {},
            "timeouts": null,
            "zones": []
          },
          "sensitive_attributes": [],
          "private": "eyJlMmJmYjczMC1lY2FhLTExZTYtOGY4OC0zNDM2M2JjN2M0YzAiOnsiY3JlYXRlIjoxODAwMDAwMDAwMDAwLCJkZWxldGUiOjE4MDAwMDAwMDAwMDAsInJlYWQiOjMwMDAwMDAwMDAwMCwidXBkYXRlIjoxODAwMDAwMDAwMDAwfX0=",
          "dependencies": [
            "module.rg-module.azurerm_resource_group.rg-block"
          ]
        }
      ]
    },
    {
      "module": "module.rg-module",
      "mode": "managed",
      "type": "azurerm_resource_group",
      "name": "rg-block",
      "provider": "provider[\"registry.terraform.io/hashicorp/azurerm\"]",
      "instances": [
        {
          "index_key": "rg01",
          "schema_version": 0,
          "attributes": {
            "id": "/subscriptions/233246a7-8523-487e-9a43-d155fcd332db/resourceGroups/sapanrg-1",
            "location": "westus",
            "managed_by": "",
            "name": "sapanrg-1",
            "tags": {},
            "timeouts": null
          },
          "sensitive_attributes": [],
          "private": "eyJlMmJmYjczMC1lY2FhLTExZTYtOGY4OC0zNDM2M2JjN2M0YzAiOnsiY3JlYXRlIjo1NDAwMDAwMDAwMDAwLCJkZWxldGUiOjU0MDAwMDAwMDAwMDAsInJlYWQiOjMwMDAwMDAwMDAwMCwidXBkYXRlIjo1NDAwMDAwMDAwMDAwfX0="
        }
      ]
    },
    {
      "module": "module.sn-module",
      "mode": "managed",
      "type": "azurerm_subnet",
      "name": "subnet-block",
      "provider": "provider[\"registry.terraform.io/hashicorp/azurerm\"]",
      "instances": [
        {
          "index_key": "sn01",
          "schema_version": 0,
          "attributes": {
            "address_prefixes": [
              "10.0.0.0/24"
            ],
            "default_outbound_access_enabled": true,
            "delegation": [],
            "id": "/subscriptions/233246a7-8523-487e-9a43-d155fcd332db/resourceGroups/sapanrg-1/providers/Microsoft.Network/virtualNetworks/sapanvnet-1/subnets/sapansnet-1",
            "name": "sapansnet-1",
            "private_endpoint_network_policies": "Disabled",
            "private_link_service_network_policies_enabled": true,
            "resource_group_name": "sapanrg-1",
            "service_endpoint_policy_ids": [],
            "service_endpoints": [],
            "timeouts": null,
            "virtual_network_name": "sapanvnet-1"
          },
          "sensitive_attributes": [],
          "private": "eyJlMmJmYjczMC1lY2FhLTExZTYtOGY4OC0zNDM2M2JjN2M0YzAiOnsiY3JlYXRlIjoxODAwMDAwMDAwMDAwLCJkZWxldGUiOjE4MDAwMDAwMDAwMDAsInJlYWQiOjMwMDAwMDAwMDAwMCwidXBkYXRlIjoxODAwMDAwMDAwMDAwfX0=",
          "dependencies": [
            "module.rg-module.azurerm_resource_group.rg-block",
            "module.vn-module.azurerm_virtual_network.vnet-block"
          ]
        }
      ]
    },
    {
      "module": "module.vm-module",
      "mode": "data",
      "type": "azurerm_network_interface",
      "name": "ni-data-bl",
      "provider": "provider[\"registry.terraform.io/hashicorp/azurerm\"]",
      "instances": [
        {
          "index_key": "ni01",
          "schema_version": 0,
          "attributes": {
            "accelerated_networking_enabled": false,
            "applied_dns_servers": [],
            "dns_servers": [],
            "id": "/subscriptions/233246a7-8523-487e-9a43-d155fcd332db/resourceGroups/sapanrg-1/providers/Microsoft.Network/networkInterfaces/sapanni-1",
            "internal_dns_name_label": "",
            "ip_configuration": [
              {
                "application_gateway_backend_address_pools_ids": [],
                "application_security_group_ids": [],
                "gateway_load_balancer_frontend_ip_configuration_id": "",
                "load_balancer_backend_address_pools_ids": [],
                "load_balancer_inbound_nat_rules_ids": [],
                "name": "sapanip-1",
                "primary": true,
                "private_ip_address": "10.0.0.4",
                "private_ip_address_allocation": "Dynamic",
                "private_ip_address_version": "IPv4",
                "public_ip_address_id": "/subscriptions/233246a7-8523-487e-9a43-d155fcd332db/resourceGroups/sapanrg-1/providers/Microsoft.Network/publicIPAddresses/sapanpip-1",
                "subnet_id": "/subscriptions/233246a7-8523-487e-9a43-d155fcd332db/resourceGroups/sapanrg-1/providers/Microsoft.Network/virtualNetworks/sapanvnet-1/subnets/sapansnet-1"
              }
            ],
            "ip_forwarding_enabled": false,
            "location": "westus",
            "mac_address": "60-45-BD-09-93-09",
            "name": "sapanni-1",
            "network_security_group_id": "",
            "private_ip_address": "10.0.0.4",
            "private_ip_addresses": [
              "10.0.0.4"
            ],
            "resource_group_name": "sapanrg-1",
            "tags": {},
            "timeouts": null,
            "virtual_machine_id": "/subscriptions/233246a7-8523-487e-9a43-d155fcd332db/resourceGroups/sapanrg-1/providers/Microsoft.Compute/virtualMachines/sapanvm-1"
          },
          "sensitive_attributes": []
        }
      ]
    },
    {
      "module": "module.vm-module",
      "mode": "managed",
      "type": "azurerm_linux_virtual_machine",
      "name": "vm-block",
      "provider": "provider[\"registry.terraform.io/hashicorp/azurerm\"]",
      "instances": [
        {
          "index_key": "vm01",
          "schema_version": 0,
          "attributes": {
            "additional_capabilities": [],
            "admin_password": "welcome@12345",
            "admin_ssh_key": [],
            "admin_username": "welcomeuser",
            "allow_extension_operations": true,
            "availability_set_id": "",
            "boot_diagnostics": [],
            "bypass_platform_safety_checks_on_user_schedule_enabled": false,
            "capacity_reservation_group_id": "",
            "computer_name": "sapanvm-1",
            "custom_data": null,
            "dedicated_host_group_id": "",
            "dedicated_host_id": "",
            "disable_password_authentication": false,
            "disk_controller_type": "",
            "edge_zone": "",
            "encryption_at_host_enabled": false,
            "eviction_policy": "",
            "extensions_time_budget": "PT1H30M",
            "gallery_application": [],
            "id": "/subscriptions/233246a7-8523-487e-9a43-d155fcd332db/resourceGroups/sapanrg-1/providers/Microsoft.Compute/virtualMachines/sapanvm-1",
            "identity": [],
            "license_type": "",
            "location": "westus",
            "max_bid_price": -1,
            "name": "sapanvm-1",
            "network_interface_ids": [
              "/subscriptions/233246a7-8523-487e-9a43-d155fcd332db/resourceGroups/sapanrg-1/providers/Microsoft.Network/networkInterfaces/sapanni-1"
            ],
            "os_disk": [
              {
                "caching": "ReadWrite",
                "diff_disk_settings": [],
                "disk_encryption_set_id": "",
                "disk_size_gb": 30,
                "id": "/subscriptions/233246a7-8523-487e-9a43-d155fcd332db/resourceGroups/sapanrg-1/providers/Microsoft.Compute/disks/sapanvm-1_OsDisk_1_05575d94683345879b6615e7fc3d32e7",
                "name": "sapanvm-1_OsDisk_1_05575d94683345879b6615e7fc3d32e7",
                "secure_vm_disk_encryption_set_id": "",
                "security_encryption_type": "",
                "storage_account_type": "Standard_LRS",
                "write_accelerator_enabled": false
              }
            ],
            "os_image_notification": [],
            "patch_assessment_mode": "ImageDefault",
            "patch_mode": "ImageDefault",
            "plan": [],
            "platform_fault_domain": -1,
            "priority": "Regular",
            "private_ip_address": "10.0.0.4",
            "private_ip_addresses": [
              "10.0.0.4"
            ],
            "provision_vm_agent": true,
            "proximity_placement_group_id": "",
            "public_ip_address": "13.91.220.164",
            "public_ip_addresses": [
              "13.91.220.164"
            ],
            "reboot_setting": "",
            "resource_group_name": "sapanrg-1",
            "secret": [],
            "secure_boot_enabled": false,
            "size": "Standard_F2",
            "source_image_id": "",
            "source_image_reference": [
              {
                "offer": "0001-com-ubuntu-server-jammy",
                "publisher": "Canonical",
                "sku": "22_04-lts",
                "version": "latest"
              }
            ],
            "tags": {},
            "termination_notification": [],
            "timeouts": null,
            "user_data": "",
            "virtual_machine_id": "4317c108-5a7c-4564-b9de-2258703b696d",
            "virtual_machine_scale_set_id": "",
            "vm_agent_platform_updates_enabled": false,
            "vtpm_enabled": false,
            "zone": ""
          },
          "sensitive_attributes": [
            [
              {
                "type": "get_attr",
                "value": "admin_password"
              }
            ],
            [
              {
                "type": "get_attr",
                "value": "custom_data"
              }
            ]
          ],
          "private": "eyJlMmJmYjczMC1lY2FhLTExZTYtOGY4OC0zNDM2M2JjN2M0YzAiOnsiY3JlYXRlIjoyNzAwMDAwMDAwMDAwLCJkZWxldGUiOjI3MDAwMDAwMDAwMDAsInJlYWQiOjMwMDAwMDAwMDAwMCwidXBkYXRlIjoyNzAwMDAwMDAwMDAwfX0=",
          "dependencies": [
            "module.ni-module.azurerm_network_interface.ni-block",
            "module.ni-module.data.azurerm_public_ip.pip-dat-bl",
            "module.ni-module.data.azurerm_subnet.snet-dat-bl",
            "module.pi-module.azurerm_public_ip.pip-block",
            "module.rg-module.azurerm_resource_group.rg-block",
            "module.sn-module.azurerm_subnet.subnet-block",
            "module.vm-module.data.azurerm_network_interface.ni-data-bl",
            "module.vn-module.azurerm_virtual_network.vnet-block"
          ]
        }
      ]
    },
    {
      "module": "module.vn-module",
      "mode": "managed",
      "type": "azurerm_virtual_network",
      "name": "vnet-block",
      "provider": "provider[\"registry.terraform.io/hashicorp/azurerm\"]",
      "instances": [
        {
          "index_key": "vn01",
          "schema_version": 0,
          "attributes": {
            "address_space": [
              "10.0.0.0/16"
            ],
            "bgp_community": "",
            "ddos_protection_plan": [],
            "dns_servers": [],
            "edge_zone": "",
            "encryption": [],
            "flow_timeout_in_minutes": 0,
            "guid": "4f5a1d0a-1c8b-4c6a-90b6-e4844fb8d130",
            "id": "/subscriptions/233246a7-8523-487e-9a43-d155fcd332db/resourceGroups/sapanrg-1/providers/Microsoft.Network/virtualNetworks/sapanvnet-1",
            "location": "westus",
            "name": "sapanvnet-1",
            "private_endpoint_vnet_policies": "Disabled",
            "resource_group_name": "sapanrg-1",
            "subnet": [
              {
                "address_prefixes": [
                  "10.0.0.0/24"
                ],
                "default_outbound_access_enabled": true,
                "delegation": [],
                "id": "/subscriptions/233246a7-8523-487e-9a43-d155fcd332db/resourceGroups/sapanrg-1/providers/Microsoft.Network/virtualNetworks/sapanvnet-1/subnets/sapansnet-1",
                "name": "sapansnet-1",
                "private_endpoint_network_policies": "Disabled",
                "private_link_service_network_policies_enabled": true,
                "route_table_id": "",
                "security_group": "",
                "service_endpoint_policy_ids": [],
                "service_endpoints": []
              }
            ],
            "tags": {},
            "timeouts": null
          },
          "sensitive_attributes": [],
          "private": "eyJlMmJmYjczMC1lY2FhLTExZTYtOGY4OC0zNDM2M2JjN2M0YzAiOnsiY3JlYXRlIjoxODAwMDAwMDAwMDAwLCJkZWxldGUiOjE4MDAwMDAwMDAwMDAsInJlYWQiOjMwMDAwMDAwMDAwMCwidXBkYXRlIjoxODAwMDAwMDAwMDAwfX0=",
          "dependencies": [
            "module.rg-module.azurerm_resource_group.rg-block"
          ]
        }
      ]
    }
  ],
  "check_results": null
}
