{
  "version": 4,
  "terraform_version": "1.9.3",
  "serial": 10,
  "lineage": "5cf2b7f2-fa05-b961-7194-f4b99fd2d5b0",
  "outputs": {},
  "resources": [
    {
      "mode": "managed",
      "type": "azurerm_network_interface",
      "name": "niwel",
      "provider": "provider[\"registry.terraform.io/hashicorp/azurerm\"]",
      "instances": [
        {
          "schema_version": 0,
          "attributes": {
            "accelerated_networking_enabled": false,
            "applied_dns_servers": [],
            "auxiliary_mode": "",
            "auxiliary_sku": "",
            "dns_servers": null,
            "edge_zone": "",
            "id": "/subscriptions/233246a7-8523-487e-9a43-d155fcd332db/resourceGroups/welcome-rg/providers/Microsoft.Network/networkInterfaces/welcomenic",
            "internal_dns_name_label": "",
            "internal_domain_name_suffix": "jkskfhle0nluhmgreqznyfow4d.dx.internal.cloudapp.net",
            "ip_configuration": [
              {
                "gateway_load_balancer_frontend_ip_configuration_id": "",
                "name": "welcomeipc",
                "primary": true,
                "private_ip_address": "10.1.0.4",
                "private_ip_address_allocation": "Dynamic",
                "private_ip_address_version": "IPv4",
                "public_ip_address_id": "/subscriptions/233246a7-8523-487e-9a43-d155fcd332db/resourceGroups/welcome-rg/providers/Microsoft.Network/publicIPAddresses/welcomeip",
                "subnet_id": "/subscriptions/233246a7-8523-487e-9a43-d155fcd332db/resourceGroups/welcome-rg/providers/Microsoft.Network/virtualNetworks/welcomevn/subnets/welcomesn"
              }
            ],
            "ip_forwarding_enabled": false,
            "location": "westus",
            "mac_address": "",
            "name": "welcomenic",
            "private_ip_address": "10.1.0.4",
            "private_ip_addresses": [
              "10.1.0.4"
            ],
            "resource_group_name": "welcome-rg",
            "tags": null,
            "timeouts": null,
            "virtual_machine_id": ""
          },
          "sensitive_attributes": [],
          "private": "eyJlMmJmYjczMC1lY2FhLTExZTYtOGY4OC0zNDM2M2JjN2M0YzAiOnsiY3JlYXRlIjoxODAwMDAwMDAwMDAwLCJkZWxldGUiOjE4MDAwMDAwMDAwMDAsInJlYWQiOjMwMDAwMDAwMDAwMCwidXBkYXRlIjoxODAwMDAwMDAwMDAwfX0=",
          "dependencies": [
            "azurerm_public_ip.piwel",
            "azurerm_resource_group.rgwel",
            "azurerm_subnet.snwel",
            "azurerm_virtual_network.vnwel"
          ]
        }
      ]
    },
    {
      "mode": "managed",
      "type": "azurerm_network_interface_security_group_association",
      "name": "nsg_association",
      "provider": "provider[\"registry.terraform.io/hashicorp/azurerm\"]",
      "instances": [
        {
          "schema_version": 0,
          "attributes": {
            "id": "/subscriptions/233246a7-8523-487e-9a43-d155fcd332db/resourceGroups/welcome-rg/providers/Microsoft.Network/networkInterfaces/welcomenic|/subscriptions/233246a7-8523-487e-9a43-d155fcd332db/resourceGroups/welcome-rg/providers/Microsoft.Network/networkSecurityGroups/nsg_welcome",
            "network_interface_id": "/subscriptions/233246a7-8523-487e-9a43-d155fcd332db/resourceGroups/welcome-rg/providers/Microsoft.Network/networkInterfaces/welcomenic",
            "network_security_group_id": "/subscriptions/233246a7-8523-487e-9a43-d155fcd332db/resourceGroups/welcome-rg/providers/Microsoft.Network/networkSecurityGroups/nsg_welcome",
            "timeouts": null
          },
          "sensitive_attributes": [],
          "private": "eyJlMmJmYjczMC1lY2FhLTExZTYtOGY4OC0zNDM2M2JjN2M0YzAiOnsiY3JlYXRlIjoxODAwMDAwMDAwMDAwLCJkZWxldGUiOjE4MDAwMDAwMDAwMDAsInJlYWQiOjMwMDAwMDAwMDAwMH19",
          "dependencies": [
            "azurerm_network_interface.niwel",
            "azurerm_network_security_group.nsgwel",
            "azurerm_public_ip.piwel",
            "azurerm_resource_group.rgwel",
            "azurerm_subnet.snwel",
            "azurerm_virtual_network.vnwel"
          ]
        }
      ]
    },
    {
      "mode": "managed",
      "type": "azurerm_network_security_group",
      "name": "nsgwel",
      "provider": "provider[\"registry.terraform.io/hashicorp/azurerm\"]",
      "instances": [
        {
          "schema_version": 0,
          "attributes": {
            "id": "/subscriptions/233246a7-8523-487e-9a43-d155fcd332db/resourceGroups/welcome-rg/providers/Microsoft.Network/networkSecurityGroups/nsg_welcome",
            "location": "westus",
            "name": "nsg_welcome",
            "resource_group_name": "welcome-rg",
            "security_rule": [],
            "tags": null,
            "timeouts": null
          },
          "sensitive_attributes": [],
          "private": "eyJlMmJmYjczMC1lY2FhLTExZTYtOGY4OC0zNDM2M2JjN2M0YzAiOnsiY3JlYXRlIjoxODAwMDAwMDAwMDAwLCJkZWxldGUiOjE4MDAwMDAwMDAwMDAsInJlYWQiOjMwMDAwMDAwMDAwMCwidXBkYXRlIjoxODAwMDAwMDAwMDAwfX0=",
          "dependencies": [
            "azurerm_resource_group.rgwel"
          ]
        }
      ]
    },
    {
      "mode": "managed",
      "type": "azurerm_network_security_rule",
      "name": "http_rule_vm01",
      "provider": "provider[\"registry.terraform.io/hashicorp/azurerm\"]",
      "instances": [
        {
          "schema_version": 0,
          "attributes": {
            "access": "Allow",
            "description": "",
            "destination_address_prefix": "*",
            "destination_address_prefixes": null,
            "destination_application_security_group_ids": null,
            "destination_port_range": "*",
            "destination_port_ranges": null,
            "direction": "Inbound",
            "id": "/subscriptions/233246a7-8523-487e-9a43-d155fcd332db/resourceGroups/welcome-rg/providers/Microsoft.Network/networkSecurityGroups/nsg_welcome/securityRules/allow-http-3000-vm01",
            "name": "allow-http-3000-vm01",
            "network_security_group_name": "nsg_welcome",
            "priority": 103,
            "protocol": "*",
            "resource_group_name": "welcome-rg",
            "source_address_prefix": "*",
            "source_address_prefixes": null,
            "source_application_security_group_ids": null,
            "source_port_range": "*",
            "source_port_ranges": null,
            "timeouts": null
          },
          "sensitive_attributes": [],
          "private": "eyJlMmJmYjczMC1lY2FhLTExZTYtOGY4OC0zNDM2M2JjN2M0YzAiOnsiY3JlYXRlIjoxODAwMDAwMDAwMDAwLCJkZWxldGUiOjE4MDAwMDAwMDAwMDAsInJlYWQiOjMwMDAwMDAwMDAwMCwidXBkYXRlIjoxODAwMDAwMDAwMDAwfX0=",
          "dependencies": [
            "azurerm_network_security_group.nsgwel",
            "azurerm_resource_group.rgwel"
          ]
        }
      ]
    },
    {
      "mode": "managed",
      "type": "azurerm_public_ip",
      "name": "piwel",
      "provider": "provider[\"registry.terraform.io/hashicorp/azurerm\"]",
      "instances": [
        {
          "schema_version": 0,
          "attributes": {
            "allocation_method": "Static",
            "ddos_protection_mode": "VirtualNetworkInherited",
            "ddos_protection_plan_id": null,
            "domain_name_label": null,
            "domain_name_label_scope": null,
            "edge_zone": "",
            "fqdn": null,
            "id": "/subscriptions/233246a7-8523-487e-9a43-d155fcd332db/resourceGroups/welcome-rg/providers/Microsoft.Network/publicIPAddresses/welcomeip",
            "idle_timeout_in_minutes": 4,
            "ip_address": "40.83.184.68",
            "ip_tags": null,
            "ip_version": "IPv4",
            "location": "westus",
            "name": "welcomeip",
            "public_ip_prefix_id": null,
            "resource_group_name": "welcome-rg",
            "reverse_fqdn": null,
            "sku": "Standard",
            "sku_tier": "Regional",
            "tags": null,
            "timeouts": null,
            "zones": null
          },
          "sensitive_attributes": [],
          "private": "eyJlMmJmYjczMC1lY2FhLTExZTYtOGY4OC0zNDM2M2JjN2M0YzAiOnsiY3JlYXRlIjoxODAwMDAwMDAwMDAwLCJkZWxldGUiOjE4MDAwMDAwMDAwMDAsInJlYWQiOjMwMDAwMDAwMDAwMCwidXBkYXRlIjoxODAwMDAwMDAwMDAwfX0=",
          "dependencies": [
            "azurerm_resource_group.rgwel"
          ]
        }
      ]
    },
    {
      "mode": "managed",
      "type": "azurerm_resource_group",
      "name": "rgwel",
      "provider": "provider[\"registry.terraform.io/hashicorp/azurerm\"]",
      "instances": [
        {
          "schema_version": 0,
          "attributes": {
            "id": "/subscriptions/233246a7-8523-487e-9a43-d155fcd332db/resourceGroups/welcome-rg",
            "location": "westus",
            "managed_by": "",
            "name": "welcome-rg",
            "tags": null,
            "timeouts": null
          },
          "sensitive_attributes": [],
          "private": "eyJlMmJmYjczMC1lY2FhLTExZTYtOGY4OC0zNDM2M2JjN2M0YzAiOnsiY3JlYXRlIjo1NDAwMDAwMDAwMDAwLCJkZWxldGUiOjU0MDAwMDAwMDAwMDAsInJlYWQiOjMwMDAwMDAwMDAwMCwidXBkYXRlIjo1NDAwMDAwMDAwMDAwfX0="
        }
      ]
    },
    {
      "mode": "managed",
      "type": "azurerm_subnet",
      "name": "snwel",
      "provider": "provider[\"registry.terraform.io/hashicorp/azurerm\"]",
      "instances": [
        {
          "schema_version": 0,
          "attributes": {
            "address_prefixes": [
              "10.1.0.0/28"
            ],
            "default_outbound_access_enabled": true,
            "delegation": [],
            "id": "/subscriptions/233246a7-8523-487e-9a43-d155fcd332db/resourceGroups/welcome-rg/providers/Microsoft.Network/virtualNetworks/welcomevn/subnets/welcomesn",
            "name": "welcomesn",
            "private_endpoint_network_policies": "Disabled",
            "private_link_service_network_policies_enabled": true,
            "resource_group_name": "welcome-rg",
            "service_endpoint_policy_ids": null,
            "service_endpoints": null,
            "timeouts": null,
            "virtual_network_name": "welcomevn"
          },
          "sensitive_attributes": [],
          "private": "eyJlMmJmYjczMC1lY2FhLTExZTYtOGY4OC0zNDM2M2JjN2M0YzAiOnsiY3JlYXRlIjoxODAwMDAwMDAwMDAwLCJkZWxldGUiOjE4MDAwMDAwMDAwMDAsInJlYWQiOjMwMDAwMDAwMDAwMCwidXBkYXRlIjoxODAwMDAwMDAwMDAwfX0=",
          "dependencies": [
            "azurerm_resource_group.rgwel",
            "azurerm_virtual_network.vnwel"
          ]
        }
      ]
    },
    {
      "mode": "managed",
      "type": "azurerm_virtual_network",
      "name": "vnwel",
      "provider": "provider[\"registry.terraform.io/hashicorp/azurerm\"]",
      "instances": [
        {
          "schema_version": 0,
          "attributes": {
            "address_space": [
              "10.1.0.0/16"
            ],
            "bgp_community": "",
            "ddos_protection_plan": [],
            "dns_servers": [],
            "edge_zone": "",
            "encryption": [],
            "flow_timeout_in_minutes": 0,
            "guid": "9da2a44a-d364-4357-b0d1-2432dc15d6f3",
            "id": "/subscriptions/233246a7-8523-487e-9a43-d155fcd332db/resourceGroups/welcome-rg/providers/Microsoft.Network/virtualNetworks/welcomevn",
            "location": "westus",
            "name": "welcomevn",
            "private_endpoint_vnet_policies": "Disabled",
            "resource_group_name": "welcome-rg",
            "subnet": [],
            "tags": null,
            "timeouts": null
          },
          "sensitive_attributes": [],
          "private": "eyJlMmJmYjczMC1lY2FhLTExZTYtOGY4OC0zNDM2M2JjN2M0YzAiOnsiY3JlYXRlIjoxODAwMDAwMDAwMDAwLCJkZWxldGUiOjE4MDAwMDAwMDAwMDAsInJlYWQiOjMwMDAwMDAwMDAwMCwidXBkYXRlIjoxODAwMDAwMDAwMDAwfX0=",
          "dependencies": [
            "azurerm_resource_group.rgwel"
          ]
        }
      ]
    }
  ],
  "check_results": null
}
