{
  "version": 4,
  "terraform_version": "1.9.3",
  "serial": 18,
  "lineage": "0a14ac27-2da7-9233-5280-37641d8931d8",
  "outputs": {},
  "resources": [
    {
      "mode": "managed",
      "type": "azurerm_network_interface",
      "name": "ni-block",
      "provider": "provider[\"registry.terraform.io/hashicorp/azurerm\"]",
      "instances": [
        {
          "index_key": "vm01",
          "schema_version": 0,
          "attributes": {
            "accelerated_networking_enabled": false,
            "applied_dns_servers": [],
            "auxiliary_mode": "",
            "auxiliary_sku": "",
            "dns_servers": null,
            "edge_zone": "",
            "id": "/subscriptions/233246a7-8523-487e-9a43-d155fcd332db/resourceGroups/welcomerg-1/providers/Microsoft.Network/networkInterfaces/welcomeni1",
            "internal_dns_name_label": "",
            "internal_domain_name_suffix": "yere320hwrmeliz4ssn1v23ooa.dx.internal.cloudapp.net",
            "ip_configuration": [
              {
                "gateway_load_balancer_frontend_ip_configuration_id": "",
                "name": "welcomeip1",
                "primary": true,
                "private_ip_address": "10.1.0.4",
                "private_ip_address_allocation": "Dynamic",
                "private_ip_address_version": "IPv4",
                "public_ip_address_id": "/subscriptions/233246a7-8523-487e-9a43-d155fcd332db/resourceGroups/welcomerg-1/providers/Microsoft.Network/publicIPAddresses/welcomepip1",
                "subnet_id": "/subscriptions/233246a7-8523-487e-9a43-d155fcd332db/resourceGroups/welcomerg-1/providers/Microsoft.Network/virtualNetworks/welcome-vnet1/subnets/welcome-snet1"
              }
            ],
            "ip_forwarding_enabled": false,
            "location": "westus",
            "mac_address": "",
            "name": "welcomeni1",
            "private_ip_address": "10.1.0.4",
            "private_ip_addresses": [
              "10.1.0.4"
            ],
            "resource_group_name": "welcomerg-1",
            "tags": null,
            "timeouts": null,
            "virtual_machine_id": ""
          },
          "sensitive_attributes": [],
          "private": "eyJlMmJmYjczMC1lY2FhLTExZTYtOGY4OC0zNDM2M2JjN2M0YzAiOnsiY3JlYXRlIjoxODAwMDAwMDAwMDAwLCJkZWxldGUiOjE4MDAwMDAwMDAwMDAsInJlYWQiOjMwMDAwMDAwMDAwMCwidXBkYXRlIjoxODAwMDAwMDAwMDAwfX0=",
          "dependencies": [
            "azurerm_public_ip.pip-block",
            "azurerm_resource_group.rg-block",
            "azurerm_subnet.subnet-block",
            "azurerm_virtual_network.vnet-block"
          ]
        },
        {
          "index_key": "vm02",
          "schema_version": 0,
          "attributes": {
            "accelerated_networking_enabled": false,
            "applied_dns_servers": [],
            "auxiliary_mode": "",
            "auxiliary_sku": "",
            "dns_servers": null,
            "edge_zone": "",
            "id": "/subscriptions/233246a7-8523-487e-9a43-d155fcd332db/resourceGroups/welcomerg-2/providers/Microsoft.Network/networkInterfaces/welcomeni2",
            "internal_dns_name_label": "",
            "internal_domain_name_suffix": "lhzml2gakwyepfs2jnaix023ah.dx.internal.cloudapp.net",
            "ip_configuration": [
              {
                "gateway_load_balancer_frontend_ip_configuration_id": "",
                "name": "welcomeip2",
                "primary": true,
                "private_ip_address": "10.2.0.4",
                "private_ip_address_allocation": "Dynamic",
                "private_ip_address_version": "IPv4",
                "public_ip_address_id": "/subscriptions/233246a7-8523-487e-9a43-d155fcd332db/resourceGroups/welcomerg-2/providers/Microsoft.Network/publicIPAddresses/welcomepip2",
                "subnet_id": "/subscriptions/233246a7-8523-487e-9a43-d155fcd332db/resourceGroups/welcomerg-2/providers/Microsoft.Network/virtualNetworks/welcome-vnet2/subnets/welcome-snet1"
              }
            ],
            "ip_forwarding_enabled": false,
            "location": "westus",
            "mac_address": "",
            "name": "welcomeni2",
            "private_ip_address": "10.2.0.4",
            "private_ip_addresses": [
              "10.2.0.4"
            ],
            "resource_group_name": "welcomerg-2",
            "tags": null,
            "timeouts": null,
            "virtual_machine_id": ""
          },
          "sensitive_attributes": [],
          "private": "eyJlMmJmYjczMC1lY2FhLTExZTYtOGY4OC0zNDM2M2JjN2M0YzAiOnsiY3JlYXRlIjoxODAwMDAwMDAwMDAwLCJkZWxldGUiOjE4MDAwMDAwMDAwMDAsInJlYWQiOjMwMDAwMDAwMDAwMCwidXBkYXRlIjoxODAwMDAwMDAwMDAwfX0=",
          "dependencies": [
            "azurerm_public_ip.pip-block",
            "azurerm_resource_group.rg-block",
            "azurerm_subnet.subnet-block",
            "azurerm_virtual_network.vnet-block"
          ]
        }
      ]
    },
    {
      "mode": "managed",
      "type": "azurerm_network_interface_security_group_association",
      "name": "nsg-asso-block",
      "provider": "provider[\"registry.terraform.io/hashicorp/azurerm\"]",
      "instances": [
        {
          "index_key": "vm01",
          "schema_version": 0,
          "attributes": {
            "id": "/subscriptions/233246a7-8523-487e-9a43-d155fcd332db/resourceGroups/welcomerg-1/providers/Microsoft.Network/networkInterfaces/welcomeni1|/subscriptions/233246a7-8523-487e-9a43-d155fcd332db/resourceGroups/welcomerg-1/providers/Microsoft.Network/networkSecurityGroups/welcomensg1",
            "network_interface_id": "/subscriptions/233246a7-8523-487e-9a43-d155fcd332db/resourceGroups/welcomerg-1/providers/Microsoft.Network/networkInterfaces/welcomeni1",
            "network_security_group_id": "/subscriptions/233246a7-8523-487e-9a43-d155fcd332db/resourceGroups/welcomerg-1/providers/Microsoft.Network/networkSecurityGroups/welcomensg1",
            "timeouts": null
          },
          "sensitive_attributes": [],
          "private": "eyJlMmJmYjczMC1lY2FhLTExZTYtOGY4OC0zNDM2M2JjN2M0YzAiOnsiY3JlYXRlIjoxODAwMDAwMDAwMDAwLCJkZWxldGUiOjE4MDAwMDAwMDAwMDAsInJlYWQiOjMwMDAwMDAwMDAwMH19",
          "dependencies": [
            "azurerm_network_interface.ni-block",
            "azurerm_network_security_group.nsg-block",
            "azurerm_public_ip.pip-block",
            "azurerm_resource_group.rg-block",
            "azurerm_subnet.subnet-block",
            "azurerm_virtual_network.vnet-block"
          ]
        },
        {
          "index_key": "vm02",
          "schema_version": 0,
          "attributes": {
            "id": "/subscriptions/233246a7-8523-487e-9a43-d155fcd332db/resourceGroups/welcomerg-2/providers/Microsoft.Network/networkInterfaces/welcomeni2|/subscriptions/233246a7-8523-487e-9a43-d155fcd332db/resourceGroups/welcomerg-2/providers/Microsoft.Network/networkSecurityGroups/welcomensg2",
            "network_interface_id": "/subscriptions/233246a7-8523-487e-9a43-d155fcd332db/resourceGroups/welcomerg-2/providers/Microsoft.Network/networkInterfaces/welcomeni2",
            "network_security_group_id": "/subscriptions/233246a7-8523-487e-9a43-d155fcd332db/resourceGroups/welcomerg-2/providers/Microsoft.Network/networkSecurityGroups/welcomensg2",
            "timeouts": null
          },
          "sensitive_attributes": [],
          "private": "eyJlMmJmYjczMC1lY2FhLTExZTYtOGY4OC0zNDM2M2JjN2M0YzAiOnsiY3JlYXRlIjoxODAwMDAwMDAwMDAwLCJkZWxldGUiOjE4MDAwMDAwMDAwMDAsInJlYWQiOjMwMDAwMDAwMDAwMH19",
          "dependencies": [
            "azurerm_network_interface.ni-block",
            "azurerm_network_security_group.nsg-block",
            "azurerm_public_ip.pip-block",
            "azurerm_resource_group.rg-block",
            "azurerm_subnet.subnet-block",
            "azurerm_virtual_network.vnet-block"
          ]
        }
      ]
    },
    {
      "mode": "managed",
      "type": "azurerm_network_security_group",
      "name": "nsg-block",
      "provider": "provider[\"registry.terraform.io/hashicorp/azurerm\"]",
      "instances": [
        {
          "index_key": "vm01",
          "schema_version": 0,
          "attributes": {
            "id": "/subscriptions/233246a7-8523-487e-9a43-d155fcd332db/resourceGroups/welcomerg-1/providers/Microsoft.Network/networkSecurityGroups/welcomensg1",
            "location": "westus",
            "name": "welcomensg1",
            "resource_group_name": "welcomerg-1",
            "security_rule": [],
            "tags": null,
            "timeouts": null
          },
          "sensitive_attributes": [],
          "private": "eyJlMmJmYjczMC1lY2FhLTExZTYtOGY4OC0zNDM2M2JjN2M0YzAiOnsiY3JlYXRlIjoxODAwMDAwMDAwMDAwLCJkZWxldGUiOjE4MDAwMDAwMDAwMDAsInJlYWQiOjMwMDAwMDAwMDAwMCwidXBkYXRlIjoxODAwMDAwMDAwMDAwfX0=",
          "dependencies": [
            "azurerm_resource_group.rg-block"
          ]
        },
        {
          "index_key": "vm02",
          "schema_version": 0,
          "attributes": {
            "id": "/subscriptions/233246a7-8523-487e-9a43-d155fcd332db/resourceGroups/welcomerg-2/providers/Microsoft.Network/networkSecurityGroups/welcomensg2",
            "location": "westus",
            "name": "welcomensg2",
            "resource_group_name": "welcomerg-2",
            "security_rule": [],
            "tags": null,
            "timeouts": null
          },
          "sensitive_attributes": [],
          "private": "eyJlMmJmYjczMC1lY2FhLTExZTYtOGY4OC0zNDM2M2JjN2M0YzAiOnsiY3JlYXRlIjoxODAwMDAwMDAwMDAwLCJkZWxldGUiOjE4MDAwMDAwMDAwMDAsInJlYWQiOjMwMDAwMDAwMDAwMCwidXBkYXRlIjoxODAwMDAwMDAwMDAwfX0=",
          "dependencies": [
            "azurerm_resource_group.rg-block"
          ]
        }
      ]
    },
    {
      "mode": "managed",
      "type": "azurerm_public_ip",
      "name": "pip-block",
      "provider": "provider[\"registry.terraform.io/hashicorp/azurerm\"]",
      "instances": [
        {
          "index_key": "vm01",
          "schema_version": 0,
          "attributes": {
            "allocation_method": "Static",
            "ddos_protection_mode": "VirtualNetworkInherited",
            "ddos_protection_plan_id": null,
            "domain_name_label": null,
            "domain_name_label_scope": null,
            "edge_zone": "",
            "fqdn": null,
            "id": "/subscriptions/233246a7-8523-487e-9a43-d155fcd332db/resourceGroups/welcomerg-1/providers/Microsoft.Network/publicIPAddresses/welcomepip1",
            "idle_timeout_in_minutes": 4,
            "ip_address": "104.40.87.226",
            "ip_tags": null,
            "ip_version": "IPv4",
            "location": "westus",
            "name": "welcomepip1",
            "public_ip_prefix_id": null,
            "resource_group_name": "welcomerg-1",
            "reverse_fqdn": null,
            "sku": "Standard",
            "sku_tier": "Regional",
            "tags": null,
            "timeouts": null,
            "zones": null
          },
          "sensitive_attributes": [],
          "private": "eyJlMmJmYjczMC1lY2FhLTExZTYtOGY4OC0zNDM2M2JjN2M0YzAiOnsiY3JlYXRlIjoxODAwMDAwMDAwMDAwLCJkZWxldGUiOjE4MDAwMDAwMDAwMDAsInJlYWQiOjMwMDAwMDAwMDAwMCwidXBkYXRlIjoxODAwMDAwMDAwMDAwfX0=",
          "dependencies": [
            "azurerm_resource_group.rg-block"
          ]
        },
        {
          "index_key": "vm02",
          "schema_version": 0,
          "attributes": {
            "allocation_method": "Static",
            "ddos_protection_mode": "VirtualNetworkInherited",
            "ddos_protection_plan_id": null,
            "domain_name_label": null,
            "domain_name_label_scope": null,
            "edge_zone": "",
            "fqdn": null,
            "id": "/subscriptions/233246a7-8523-487e-9a43-d155fcd332db/resourceGroups/welcomerg-2/providers/Microsoft.Network/publicIPAddresses/welcomepip2",
            "idle_timeout_in_minutes": 4,
            "ip_address": "104.45.228.108",
            "ip_tags": null,
            "ip_version": "IPv4",
            "location": "westus",
            "name": "welcomepip2",
            "public_ip_prefix_id": null,
            "resource_group_name": "welcomerg-2",
            "reverse_fqdn": null,
            "sku": "Standard",
            "sku_tier": "Regional",
            "tags": null,
            "timeouts": null,
            "zones": null
          },
          "sensitive_attributes": [],
          "private": "eyJlMmJmYjczMC1lY2FhLTExZTYtOGY4OC0zNDM2M2JjN2M0YzAiOnsiY3JlYXRlIjoxODAwMDAwMDAwMDAwLCJkZWxldGUiOjE4MDAwMDAwMDAwMDAsInJlYWQiOjMwMDAwMDAwMDAwMCwidXBkYXRlIjoxODAwMDAwMDAwMDAwfX0=",
          "dependencies": [
            "azurerm_resource_group.rg-block"
          ]
        }
      ]
    },
    {
      "mode": "managed",
      "type": "azurerm_resource_group",
      "name": "rg-block",
      "provider": "provider[\"registry.terraform.io/hashicorp/azurerm\"]",
      "instances": [
        {
          "index_key": "vm01",
          "schema_version": 0,
          "attributes": {
            "id": "/subscriptions/233246a7-8523-487e-9a43-d155fcd332db/resourceGroups/welcomerg-1",
            "location": "westus",
            "managed_by": "",
            "name": "welcomerg-1",
            "tags": null,
            "timeouts": null
          },
          "sensitive_attributes": [],
          "private": "eyJlMmJmYjczMC1lY2FhLTExZTYtOGY4OC0zNDM2M2JjN2M0YzAiOnsiY3JlYXRlIjo1NDAwMDAwMDAwMDAwLCJkZWxldGUiOjU0MDAwMDAwMDAwMDAsInJlYWQiOjMwMDAwMDAwMDAwMCwidXBkYXRlIjo1NDAwMDAwMDAwMDAwfX0="
        },
        {
          "index_key": "vm02",
          "schema_version": 0,
          "attributes": {
            "id": "/subscriptions/233246a7-8523-487e-9a43-d155fcd332db/resourceGroups/welcomerg-2",
            "location": "westus",
            "managed_by": "",
            "name": "welcomerg-2",
            "tags": null,
            "timeouts": null
          },
          "sensitive_attributes": [],
          "private": "eyJlMmJmYjczMC1lY2FhLTExZTYtOGY4OC0zNDM2M2JjN2M0YzAiOnsiY3JlYXRlIjo1NDAwMDAwMDAwMDAwLCJkZWxldGUiOjU0MDAwMDAwMDAwMDAsInJlYWQiOjMwMDAwMDAwMDAwMCwidXBkYXRlIjo1NDAwMDAwMDAwMDAwfX0="
        }
      ]
    },
    {
      "mode": "managed",
      "type": "azurerm_subnet",
      "name": "subnet-block",
      "provider": "provider[\"registry.terraform.io/hashicorp/azurerm\"]",
      "instances": [
        {
          "index_key": "vm01",
          "schema_version": 0,
          "attributes": {
            "address_prefixes": [
              "10.1.0.0/24"
            ],
            "default_outbound_access_enabled": true,
            "delegation": [],
            "id": "/subscriptions/233246a7-8523-487e-9a43-d155fcd332db/resourceGroups/welcomerg-1/providers/Microsoft.Network/virtualNetworks/welcome-vnet1/subnets/welcome-snet1",
            "name": "welcome-snet1",
            "private_endpoint_network_policies": "Disabled",
            "private_link_service_network_policies_enabled": true,
            "resource_group_name": "welcomerg-1",
            "service_endpoint_policy_ids": null,
            "service_endpoints": null,
            "timeouts": null,
            "virtual_network_name": "welcome-vnet1"
          },
          "sensitive_attributes": [],
          "private": "eyJlMmJmYjczMC1lY2FhLTExZTYtOGY4OC0zNDM2M2JjN2M0YzAiOnsiY3JlYXRlIjoxODAwMDAwMDAwMDAwLCJkZWxldGUiOjE4MDAwMDAwMDAwMDAsInJlYWQiOjMwMDAwMDAwMDAwMCwidXBkYXRlIjoxODAwMDAwMDAwMDAwfX0=",
          "dependencies": [
            "azurerm_resource_group.rg-block",
            "azurerm_virtual_network.vnet-block"
          ]
        },
        {
          "index_key": "vm02",
          "schema_version": 0,
          "attributes": {
            "address_prefixes": [
              "10.2.0.0/24"
            ],
            "default_outbound_access_enabled": true,
            "delegation": [],
            "id": "/subscriptions/233246a7-8523-487e-9a43-d155fcd332db/resourceGroups/welcomerg-2/providers/Microsoft.Network/virtualNetworks/welcome-vnet2/subnets/welcome-snet1",
            "name": "welcome-snet1",
            "private_endpoint_network_policies": "Disabled",
            "private_link_service_network_policies_enabled": true,
            "resource_group_name": "welcomerg-2",
            "service_endpoint_policy_ids": null,
            "service_endpoints": null,
            "timeouts": null,
            "virtual_network_name": "welcome-vnet2"
          },
          "sensitive_attributes": [],
          "private": "eyJlMmJmYjczMC1lY2FhLTExZTYtOGY4OC0zNDM2M2JjN2M0YzAiOnsiY3JlYXRlIjoxODAwMDAwMDAwMDAwLCJkZWxldGUiOjE4MDAwMDAwMDAwMDAsInJlYWQiOjMwMDAwMDAwMDAwMCwidXBkYXRlIjoxODAwMDAwMDAwMDAwfX0=",
          "dependencies": [
            "azurerm_resource_group.rg-block",
            "azurerm_virtual_network.vnet-block"
          ]
        }
      ]
    },
    {
      "mode": "managed",
      "type": "azurerm_virtual_network",
      "name": "vnet-block",
      "provider": "provider[\"registry.terraform.io/hashicorp/azurerm\"]",
      "instances": [
        {
          "index_key": "vm01",
          "schema_version": 0,
          "attributes": {
            "address_space": [
              "10.1.0.0/16"
            ],
            "bgp_community": "",
            "ddos_protection_plan": [],
            "dns_servers": [],
            "edge_zone": "",
            "encryption": [],
            "flow_timeout_in_minutes": 0,
            "guid": "f34e22c1-b447-4558-a33e-949bbaf3ae70",
            "id": "/subscriptions/233246a7-8523-487e-9a43-d155fcd332db/resourceGroups/welcomerg-1/providers/Microsoft.Network/virtualNetworks/welcome-vnet1",
            "location": "westus",
            "name": "welcome-vnet1",
            "private_endpoint_vnet_policies": "Disabled",
            "resource_group_name": "welcomerg-1",
            "subnet": [],
            "tags": null,
            "timeouts": null
          },
          "sensitive_attributes": [],
          "private": "eyJlMmJmYjczMC1lY2FhLTExZTYtOGY4OC0zNDM2M2JjN2M0YzAiOnsiY3JlYXRlIjoxODAwMDAwMDAwMDAwLCJkZWxldGUiOjE4MDAwMDAwMDAwMDAsInJlYWQiOjMwMDAwMDAwMDAwMCwidXBkYXRlIjoxODAwMDAwMDAwMDAwfX0=",
          "dependencies": [
            "azurerm_resource_group.rg-block"
          ]
        },
        {
          "index_key": "vm02",
          "schema_version": 0,
          "attributes": {
            "address_space": [
              "10.2.0.0/16"
            ],
            "bgp_community": "",
            "ddos_protection_plan": [],
            "dns_servers": [],
            "edge_zone": "",
            "encryption": [],
            "flow_timeout_in_minutes": 0,
            "guid": "f0c5f259-55c0-47b0-965c-4b408beb9d07",
            "id": "/subscriptions/233246a7-8523-487e-9a43-d155fcd332db/resourceGroups/welcomerg-2/providers/Microsoft.Network/virtualNetworks/welcome-vnet2",
            "location": "westus",
            "name": "welcome-vnet2",
            "private_endpoint_vnet_policies": "Disabled",
            "resource_group_name": "welcomerg-2",
            "subnet": [],
            "tags": null,
            "timeouts": null
          },
          "sensitive_attributes": [],
          "private": "eyJlMmJmYjczMC1lY2FhLTExZTYtOGY4OC0zNDM2M2JjN2M0YzAiOnsiY3JlYXRlIjoxODAwMDAwMDAwMDAwLCJkZWxldGUiOjE4MDAwMDAwMDAwMDAsInJlYWQiOjMwMDAwMDAwMDAwMCwidXBkYXRlIjoxODAwMDAwMDAwMDAwfX0=",
          "dependencies": [
            "azurerm_resource_group.rg-block"
          ]
        }
      ]
    }
  ],
  "check_results": null
}
